
Microsoft Visual Studio Solution File, Format Version 12.00
# Visual Studio 15
VisualStudioVersion = 15.0.27130.2027
MinimumVisualStudioVersion = 10.0.40219.1
Project("{9A19103F-16F7-4668-BE54-9A1E7A4F7556}") = "Maybe", "Maybe\Maybe.csproj", "{18F63560-39BA-405E-B799-2C6AA5B3AA62}"
EndProject
Project("{FAE04EC0-301F-11D3-BF4B-00C04F79EFBC}") = "Maybe.Test", "Maybe.Test\Maybe.Test.csproj", "{E987735C-5184-4014-860E-725D72721ECC}"
EndProject
Global
	GlobalSection(SolutionConfigurationPlatforms) = preSolution
		Debug|Any CPU = Debug|Any CPU
		Release|Any CPU = Release|Any CPU
	EndGlobalSection
	GlobalSection(ProjectConfigurationPlatforms) = postSolution
		{18F63560-39BA-405E-B799-2C6AA5B3AA62}.Debug|Any CPU.ActiveCfg = Debug|Any CPU
		{18F63560-39BA-405E-B799-2C6AA5B3AA62}.Debug|Any CPU.Build.0 = Debug|Any CPU
		{18F63560-39BA-405E-B799-2C6AA5B3AA62}.Release|Any CPU.ActiveCfg = Release|Any CPU
		{18F63560-39BA-405E-B799-2C6AA5B3AA62}.Release|Any CPU.Build.0 = Release|Any CPU
		{E987735C-5184-4014-860E-725D72721ECC}.Debug|Any CPU.ActiveCfg = Debug|Any CPU
		{E987735C-5184-4014-860E-725D72721ECC}.Debug|Any CPU.Build.0 = Debug|Any CPU
		{E987735C-5184-4014-860E-725D72721ECC}.Release|Any CPU.ActiveCfg = Release|Any CPU
		{E987735C-5184-4014-860E-725D72721ECC}.Release|Any CPU.Build.0 = Release|Any CPU
	EndGlobalSection
	GlobalSection(SolutionProperties) = preSolution
		HideSolutionNode = FALSE
	EndGlobalSection
	GlobalSection(ExtensibilityGlobals) = postSolution
		SolutionGuid = {3372518D-BB6E-4B5E-A5F9-26AB9CBF2DE2}
	EndGlobalSection
EndGlobal
