
Microsoft Visual Studio Solution File, Format Version 12.00
# Visual Studio 15
VisualStudioVersion = 15.0.26730.12
MinimumVisualStudioVersion = 10.0.40219.1
Project("{FAE04EC0-301F-11D3-BF4B-00C04F79EFBC}") = "Maybe.Tests", "Maybe.Tests\Maybe.Tests.csproj", "{6B6126CE-BA1D-4FE7-B655-D2124A460054}"
EndProject
Project("{FAE04EC0-301F-11D3-BF4B-00C04F79EFBC}") = "Maybe", "Maybe\Maybe.csproj", "{18F63560-39BA-405E-B799-2C6AA5B3AA62}"
EndProject
Global
	GlobalSection(SolutionConfigurationPlatforms) = preSolution
		Debug|Any CPU = Debug|Any CPU
		Release|Any CPU = Release|Any CPU
	EndGlobalSection
	GlobalSection(ProjectConfigurationPlatforms) = postSolution
		{6B6126CE-BA1D-4FE7-B655-D2124A460054}.Debug|Any CPU.ActiveCfg = Debug|Any CPU
		{6B6126CE-BA1D-4FE7-B655-D2124A460054}.Debug|Any CPU.Build.0 = Debug|Any CPU
		{6B6126CE-BA1D-4FE7-B655-D2124A460054}.Release|Any CPU.ActiveCfg = Release|Any CPU
		{6B6126CE-BA1D-4FE7-B655-D2124A460054}.Release|Any CPU.Build.0 = Release|Any CPU
		{18F63560-39BA-405E-B799-2C6AA5B3AA62}.Debug|Any CPU.ActiveCfg = Debug|Any CPU
		{18F63560-39BA-405E-B799-2C6AA5B3AA62}.Debug|Any CPU.Build.0 = Debug|Any CPU
		{18F63560-39BA-405E-B799-2C6AA5B3AA62}.Release|Any CPU.ActiveCfg = Release|Any CPU
		{18F63560-39BA-405E-B799-2C6AA5B3AA62}.Release|Any CPU.Build.0 = Release|Any CPU
	EndGlobalSection
	GlobalSection(SolutionProperties) = preSolution
		HideSolutionNode = FALSE
	EndGlobalSection
	GlobalSection(ExtensibilityGlobals) = postSolution
		SolutionGuid = {3372518D-BB6E-4B5E-A5F9-26AB9CBF2DE2}
	EndGlobalSection
EndGlobal
