
Microsoft Visual Studio Solution File, Format Version 12.00
# Visual Studio 14
VisualStudioVersion = 14.0.25420.1
MinimumVisualStudioVersion = 10.0.40219.1
Project("{FAE04EC0-301F-11D3-BF4B-00C04F79EFBC}") = "Maybe.Tests", "Maybe.Tests\Maybe.Tests.csproj", "{6B6126CE-BA1D-4FE7-B655-D2124A460054}"
EndProject
Project("{FAE04EC0-301F-11D3-BF4B-00C04F79EFBC}") = "Maybe", "Maybe\Maybe.csproj", "{A0B7E976-C7AF-478D-B372-0A21CFE13119}"
EndProject
Global
	GlobalSection(SolutionConfigurationPlatforms) = preSolution
		Debug|Any CPU = Debug|Any CPU
		Release|Any CPU = Release|Any CPU
	EndGlobalSection
	GlobalSection(ProjectConfigurationPlatforms) = postSolution
		{6B6126CE-BA1D-4FE7-B655-D2124A460054}.Debug|Any CPU.ActiveCfg = Debug|Any CPU
		{6B6126CE-BA1D-4FE7-B655-D2124A460054}.Debug|Any CPU.Build.0 = Debug|Any CPU
		{6B6126CE-BA1D-4FE7-B655-D2124A460054}.Release|Any CPU.ActiveCfg = Release|Any CPU
		{6B6126CE-BA1D-4FE7-B655-D2124A460054}.Release|Any CPU.Build.0 = Release|Any CPU
		{A0B7E976-C7AF-478D-B372-0A21CFE13119}.Debug|Any CPU.ActiveCfg = Debug|Any CPU
		{A0B7E976-C7AF-478D-B372-0A21CFE13119}.Debug|Any CPU.Build.0 = Debug|Any CPU
		{A0B7E976-C7AF-478D-B372-0A21CFE13119}.Release|Any CPU.ActiveCfg = Release|Any CPU
		{A0B7E976-C7AF-478D-B372-0A21CFE13119}.Release|Any CPU.Build.0 = Release|Any CPU
	EndGlobalSection
	GlobalSection(SolutionProperties) = preSolution
		HideSolutionNode = FALSE
	EndGlobalSection
EndGlobal
